
Microsoft Visual Studio Solution File, Format Version 12.00
# Visual Studio Version 16
VisualStudioVersion = 16.0.810.11
MinimumVisualStudioVersion = 10.0.40219.1
Project("{FAE04EC0-301F-11D3-BF4B-00C04F79EFBC}") = "HangmanUpdate", "HangmanUpdate\HangmanUpdate.csproj", "{143B48EE-C45C-4584-9CED-06BBD7D70481}"
EndProject
Global
	GlobalSection(SolutionConfigurationPlatforms) = preSolution
		Debug|anycpu = Debug|anycpu
		Release|anycpu = Release|anycpu
	EndGlobalSection
	GlobalSection(ProjectConfigurationPlatforms) = postSolution
		{143B48EE-C45C-4584-9CED-06BBD7D70481}.Debug|anycpu.ActiveCfg = Debug|anycpu
		{143B48EE-C45C-4584-9CED-06BBD7D70481}.Debug|anycpu.Build.0 = Debug|anycpu
		{143B48EE-C45C-4584-9CED-06BBD7D70481}.Release|anycpu.ActiveCfg = Release|anycpu
		{143B48EE-C45C-4584-9CED-06BBD7D70481}.Release|anycpu.Build.0 = Release|anycpu
	EndGlobalSection
	GlobalSection(SolutionProperties) = preSolution
		HideSolutionNode = FALSE
	EndGlobalSection
	GlobalSection(ExtensibilityGlobals) = postSolution
		SolutionGuid = {9EC49B1D-8521-4BB1-8105-9A5302B5AA83}
	EndGlobalSection
EndGlobal
